
Microsoft Visual Studio Solution File, Format Version 12.00
# Visual Studio 14
VisualStudioVersion = 14.0.23107.0
MinimumVisualStudioVersion = 10.0.40219.1
Project("{2150E333-8FDC-42A3-9474-1A3956D46DE8}") = "Lead.Tools", "Lead.Tools", "{16C84F6F-30AE-425F-ACDF-42D26005C1C9}"
EndProject
Project("{2150E333-8FDC-42A3-9474-1A3956D46DE8}") = "Lead.Process", "Lead.Process", "{EFB2EFB2-5ECA-48C1-A178-FC7CA5C085C6}"
EndProject
Project("{FAE04EC0-301F-11D3-BF4B-00C04F79EFBC}") = "Lead.Tool.Mysql", "..\Tools\Lead.Tool.Mysql\Lead.Tool.Mysql.csproj", "{CAE8D673-3E0F-4783-A64A-9F5BC07A96E0}"
EndProject
Project("{FAE04EC0-301F-11D3-BF4B-00C04F79EFBC}") = "Lead.Tool.Log", "..\Tools\Lead.Tool.Logger\Lead.Tool.Log.csproj", "{F2580E70-8934-4E88-AEC2-CE4E540C3EEB}"
EndProject
Project("{FAE04EC0-301F-11D3-BF4B-00C04F79EFBC}") = "Lead.Tool.SktClient", "..\Tools\Lead.Tool.SktClient\Lead.Tool.SktClient.csproj", "{24F1D220-3A4D-4EC7-8FE2-F18686B221E9}"
EndProject
Project("{FAE04EC0-301F-11D3-BF4B-00C04F79EFBC}") = "Lead.Tool.XML", "..\Tools\Lead.Tool.XML\Lead.Tool.XML.csproj", "{E5F3FA75-5129-4315-9558-E3CCDCA3C17B}"
EndProject
Project("{FAE04EC0-301F-11D3-BF4B-00C04F79EFBC}") = "Lead.Tool.COM", "..\Tools\Lead.Tool.COM\Lead.Tool.COM\Lead.Tool.COM.csproj", "{873B1482-23E4-441F-8FDC-514D4B067E0E}"
EndProject
Project("{2150E333-8FDC-42A3-9474-1A3956D46DE8}") = "Lead.Main", "Lead.Main", "{A206B33C-9109-4107-910D-38C3DD0FEF94}"
EndProject
Project("{FAE04EC0-301F-11D3-BF4B-00C04F79EFBC}") = "Lead.Tool.SktServer", "..\Tools\Lead.Tool.SktServer\Lead.Tool.SktServer.csproj", "{EE47C7F3-7FB1-4195-A494-1FFFA94A42D9}"
EndProject
Project("{FAE04EC0-301F-11D3-BF4B-00C04F79EFBC}") = "Lead.Tool.ProjectPath", "..\Tools\Lead.Tool.ProjectPath\Lead.Tool.ProjectPath.csproj", "{62841446-5CB1-406E-8D78-273D9E1D2536}"
EndProject
Project("{FAE04EC0-301F-11D3-BF4B-00C04F79EFBC}") = "Lead.Proxy", "Lead.Proxy\Lead.Proxy.csproj", "{475F11EB-B622-4DCE-BF1A-D7BDFABDDE79}"
EndProject
Project("{2150E333-8FDC-42A3-9474-1A3956D46DE8}") = "Base", "Base", "{B901EC8C-482D-4A35-820F-0C41E764B311}"
EndProject
Project("{2150E333-8FDC-42A3-9474-1A3956D46DE8}") = "Extend", "Extend", "{1DBCBE2E-DA9A-4A6B-9FD7-255A447F4196}"
EndProject
Project("{FAE04EC0-301F-11D3-BF4B-00C04F79EFBC}") = "Lead.Tool.OmronPLC", "..\Tools\Lead.Tool.OmronPLC\Lead.Tool.OmronPLC.csproj", "{7A1D8626-00F3-4EA7-A4E1-20D7CB01BD03}"
EndProject
Project("{FAE04EC0-301F-11D3-BF4B-00C04F79EFBC}") = "Lead.Main", "Lead.Main\Lead.Main.csproj", "{56C046A8-2B09-4CF7-A247-8D3B8E80FF70}"
	ProjectSection(ProjectDependencies) = postProject
		{A80D6846-5736-445F-8962-EF36CECC6790} = {A80D6846-5736-445F-8962-EF36CECC6790}
	EndProjectSection
EndProject
Project("{FAE04EC0-301F-11D3-BF4B-00C04F79EFBC}") = "Lead.Process.Interface", "Lead.Process\Lead.Process.Interface\Lead.Process.Interface.csproj", "{1FD00DEF-EDD9-4D7D-8BFD-3801592D374D}"
EndProject
Project("{FAE04EC0-301F-11D3-BF4B-00C04F79EFBC}") = "Lead.Process.Manager", "Lead.Process\Lead.Process.Manager\Lead.Process.Manager.csproj", "{9DBD5BBA-A350-4124-83A6-A7FAC2E6328B}"
EndProject
Project("{2150E333-8FDC-42A3-9474-1A3956D46DE8}") = "Interface", "Interface", "{2C29EE75-F55A-46F4-A879-5387F9544BF3}"
EndProject
Project("{FAE04EC0-301F-11D3-BF4B-00C04F79EFBC}") = "Lead.Tool.Interface", "..\Tools\Lead.Tool.InterFace\Lead.Tool.Interface.csproj", "{A80D6846-5736-445F-8962-EF36CECC6790}"
EndProject
Project("{FAE04EC0-301F-11D3-BF4B-00C04F79EFBC}") = "Lead.Tool.Manager", "..\Tools\Lead.Tool.Manager\Lead.Tool.Manager.csproj", "{A643FD30-3E9E-4D21-949A-4DB1CB8FF004}"
EndProject
Project("{FAE04EC0-301F-11D3-BF4B-00C04F79EFBC}") = "Lead.Tool.Resources", "..\Tools\Lead.Tool.Resources\Lead.Tool.Resources.csproj", "{6EC227E6-EAEF-4454-9B7F-532F921C6F05}"
EndProject
Project("{FAE04EC0-301F-11D3-BF4B-00C04F79EFBC}") = "Lead.Tool.INI", "..\Tools\Lead.Tool.INI\Lead.Tool.INI.csproj", "{F87DB85C-CCC6-4D87-A8CD-6F0F46EC2C95}"
EndProject
Project("{FAE04EC0-301F-11D3-BF4B-00C04F79EFBC}") = "Lead.Tool.Excel", "..\Tools\Lead.Tool.Excel\Lead.Tool.Excel.csproj", "{CFDEFBAF-8A00-47D7-84F8-7B9F312A4848}"
EndProject
Project("{FAE04EC0-301F-11D3-BF4B-00C04F79EFBC}") = "Lead.Tool.CSV", "..\Tools\Lead.Tool.CSV\Lead.Tool.CSV.csproj", "{03D9C4C3-8BF4-40EA-B49C-7E8F2FE880D9}"
EndProject
Project("{FAE04EC0-301F-11D3-BF4B-00C04F79EFBC}") = "Lead.Tool.ExchangeObject", "..\Tools\Lead.Tool.ExchangeObject\Lead.Tool.ExchangeObject.csproj", "{F111A333-5C9B-4013-877D-7AE0FF8F0D83}"
EndProject
Project("{2150E333-8FDC-42A3-9474-1A3956D46DE8}") = "Interface", "Interface", "{6AE6D494-87E1-43BE-BF51-7A50087D23CE}"
EndProject
Project("{FAE04EC0-301F-11D3-BF4B-00C04F79EFBC}") = "Lead.Tool.MqttServer", "..\Tools\Lead.Tool.MqttServer\Lead.Tool.MqttServer.csproj", "{705306EC-5725-495F-84A0-7C5E7DF9D159}"
EndProject
Project("{FAE04EC0-301F-11D3-BF4B-00C04F79EFBC}") = "Lead.Tool.Mqtt_Client", "..\Tools\Lead.Tool.Mqtt_Client\Lead.Tool.Mqtt_Client.csproj", "{9984A216-7363-47D3-9CF0-BCE4AE9B8793}"
EndProject
Project("{FAE04EC0-301F-11D3-BF4B-00C04F79EFBC}") = "Lead.Tool.Focal", "..\Tools\Lead.Tool.Focal\Lead.Tool.Focal.csproj", "{BB46F3B2-83C2-461F-B709-10AF84747861}"
EndProject
Project("{FAE04EC0-301F-11D3-BF4B-00C04F79EFBC}") = "Lead,Tool.TesetReal3.0", "..\Tools\Lead,Tool.TesetReal3.0\Lead,Tool.TesetReal3.0.csproj", "{829DB46F-4C13-4542-82EF-B1E1DFF98240}"
EndProject
Project("{FAE04EC0-301F-11D3-BF4B-00C04F79EFBC}") = "Lead.Tool.IOC0640", "..\Tools\Lead.IOC0640\Lead.Tool.IOC0640.csproj", "{5F1CAB9E-C5C6-4C81-9644-9EAF5170F9F2}"
EndProject
Project("{FAE04EC0-301F-11D3-BF4B-00C04F79EFBC}") = "Lead.Tool.LMI", "..\Tools\Lead.Tool.LMI\Lead.Tool.LMI.csproj", "{35457950-2A67-448C-9F44-10D9794FE7B8}"
EndProject
Project("{FAE04EC0-301F-11D3-BF4B-00C04F79EFBC}") = "Lead.Tool.CommonData_3D", "..\Tools\Lead.Tool.CommonData_3D\Lead.Tool.CommonData_3D.csproj", "{63329D03-9531-49A9-958A-5E8E2F2DBE4A}"
EndProject
Project("{FAE04EC0-301F-11D3-BF4B-00C04F79EFBC}") = "Lead.Tool.MongoDB", "..\Tools\Lead.Tool.MongoDB\Lead.Tool.MongoDB.csproj", "{D34DAF83-8008-4524-96E7-B63D607D2DC8}"
EndProject
Project("{FAE04EC0-301F-11D3-BF4B-00C04F79EFBC}") = "Lead.Tools.KeyenceLJ", "..\Tools\Lead.Tool.KeyenceLJ\Lead.Tools.KeyenceLJ.csproj", "{B31C4BBA-F879-41E5-A224-5C60CFDF96BC}"
EndProject
Project("{FAE04EC0-301F-11D3-BF4B-00C04F79EFBC}") = "ListenStartTrig_A", "Lead.Process\ListenStartTrig_A\ListenStartTrig_A.csproj", "{6A45F794-5E0A-4B4C-85FC-8700969255CF}"
EndProject
Project("{FAE04EC0-301F-11D3-BF4B-00C04F79EFBC}") = "ListenStartTrig_B", "Lead.Process\ListenStartTrig_B\ListenStartTrig_B.csproj", "{CA6EE1E7-0280-43E6-8389-C5467FBCEF2F}"
EndProject
Project("{FAE04EC0-301F-11D3-BF4B-00C04F79EFBC}") = "Lead.Tool.Login", "..\Tools\Lead.Tool.Login\Lead.Tool.Login.csproj", "{17BCE8B6-9AAC-4DC5-B00D-30E7E8F84474}"
EndProject
Global
	GlobalSection(SolutionConfigurationPlatforms) = preSolution
		Debug|Any CPU = Debug|Any CPU
		Debug|x86 = Debug|x86
		Release|Any CPU = Release|Any CPU
		Release|x86 = Release|x86
	EndGlobalSection
	GlobalSection(ProjectConfigurationPlatforms) = postSolution
		{CAE8D673-3E0F-4783-A64A-9F5BC07A96E0}.Debug|Any CPU.ActiveCfg = Debug|Any CPU
		{CAE8D673-3E0F-4783-A64A-9F5BC07A96E0}.Debug|Any CPU.Build.0 = Debug|Any CPU
		{CAE8D673-3E0F-4783-A64A-9F5BC07A96E0}.Debug|x86.ActiveCfg = Debug|Any CPU
		{CAE8D673-3E0F-4783-A64A-9F5BC07A96E0}.Debug|x86.Build.0 = Debug|Any CPU
		{CAE8D673-3E0F-4783-A64A-9F5BC07A96E0}.Release|Any CPU.ActiveCfg = Release|Any CPU
		{CAE8D673-3E0F-4783-A64A-9F5BC07A96E0}.Release|Any CPU.Build.0 = Release|Any CPU
		{CAE8D673-3E0F-4783-A64A-9F5BC07A96E0}.Release|x86.ActiveCfg = Release|Any CPU
		{CAE8D673-3E0F-4783-A64A-9F5BC07A96E0}.Release|x86.Build.0 = Release|Any CPU
		{F2580E70-8934-4E88-AEC2-CE4E540C3EEB}.Debug|Any CPU.ActiveCfg = Debug|Any CPU
		{F2580E70-8934-4E88-AEC2-CE4E540C3EEB}.Debug|Any CPU.Build.0 = Debug|Any CPU
		{F2580E70-8934-4E88-AEC2-CE4E540C3EEB}.Debug|x86.ActiveCfg = Debug|Any CPU
		{F2580E70-8934-4E88-AEC2-CE4E540C3EEB}.Debug|x86.Build.0 = Debug|Any CPU
		{F2580E70-8934-4E88-AEC2-CE4E540C3EEB}.Release|Any CPU.ActiveCfg = Release|Any CPU
		{F2580E70-8934-4E88-AEC2-CE4E540C3EEB}.Release|Any CPU.Build.0 = Release|Any CPU
		{F2580E70-8934-4E88-AEC2-CE4E540C3EEB}.Release|x86.ActiveCfg = Release|Any CPU
		{F2580E70-8934-4E88-AEC2-CE4E540C3EEB}.Release|x86.Build.0 = Release|Any CPU
		{24F1D220-3A4D-4EC7-8FE2-F18686B221E9}.Debug|Any CPU.ActiveCfg = Debug|Any CPU
		{24F1D220-3A4D-4EC7-8FE2-F18686B221E9}.Debug|Any CPU.Build.0 = Debug|Any CPU
		{24F1D220-3A4D-4EC7-8FE2-F18686B221E9}.Debug|x86.ActiveCfg = Debug|Any CPU
		{24F1D220-3A4D-4EC7-8FE2-F18686B221E9}.Debug|x86.Build.0 = Debug|Any CPU
		{24F1D220-3A4D-4EC7-8FE2-F18686B221E9}.Release|Any CPU.ActiveCfg = Release|Any CPU
		{24F1D220-3A4D-4EC7-8FE2-F18686B221E9}.Release|Any CPU.Build.0 = Release|Any CPU
		{24F1D220-3A4D-4EC7-8FE2-F18686B221E9}.Release|x86.ActiveCfg = Release|Any CPU
		{24F1D220-3A4D-4EC7-8FE2-F18686B221E9}.Release|x86.Build.0 = Release|Any CPU
		{E5F3FA75-5129-4315-9558-E3CCDCA3C17B}.Debug|Any CPU.ActiveCfg = Debug|Any CPU
		{E5F3FA75-5129-4315-9558-E3CCDCA3C17B}.Debug|Any CPU.Build.0 = Debug|Any CPU
		{E5F3FA75-5129-4315-9558-E3CCDCA3C17B}.Debug|x86.ActiveCfg = Debug|Any CPU
		{E5F3FA75-5129-4315-9558-E3CCDCA3C17B}.Debug|x86.Build.0 = Debug|Any CPU
		{E5F3FA75-5129-4315-9558-E3CCDCA3C17B}.Release|Any CPU.ActiveCfg = Release|Any CPU
		{E5F3FA75-5129-4315-9558-E3CCDCA3C17B}.Release|Any CPU.Build.0 = Release|Any CPU
		{E5F3FA75-5129-4315-9558-E3CCDCA3C17B}.Release|x86.ActiveCfg = Release|Any CPU
		{E5F3FA75-5129-4315-9558-E3CCDCA3C17B}.Release|x86.Build.0 = Release|Any CPU
		{873B1482-23E4-441F-8FDC-514D4B067E0E}.Debug|Any CPU.ActiveCfg = Debug|Any CPU
		{873B1482-23E4-441F-8FDC-514D4B067E0E}.Debug|Any CPU.Build.0 = Debug|Any CPU
		{873B1482-23E4-441F-8FDC-514D4B067E0E}.Debug|x86.ActiveCfg = Debug|Any CPU
		{873B1482-23E4-441F-8FDC-514D4B067E0E}.Debug|x86.Build.0 = Debug|Any CPU
		{873B1482-23E4-441F-8FDC-514D4B067E0E}.Release|Any CPU.ActiveCfg = Release|Any CPU
		{873B1482-23E4-441F-8FDC-514D4B067E0E}.Release|Any CPU.Build.0 = Release|Any CPU
		{873B1482-23E4-441F-8FDC-514D4B067E0E}.Release|x86.ActiveCfg = Release|Any CPU
		{873B1482-23E4-441F-8FDC-514D4B067E0E}.Release|x86.Build.0 = Release|Any CPU
		{EE47C7F3-7FB1-4195-A494-1FFFA94A42D9}.Debug|Any CPU.ActiveCfg = Debug|Any CPU
		{EE47C7F3-7FB1-4195-A494-1FFFA94A42D9}.Debug|Any CPU.Build.0 = Debug|Any CPU
		{EE47C7F3-7FB1-4195-A494-1FFFA94A42D9}.Debug|x86.ActiveCfg = Debug|Any CPU
		{EE47C7F3-7FB1-4195-A494-1FFFA94A42D9}.Debug|x86.Build.0 = Debug|Any CPU
		{EE47C7F3-7FB1-4195-A494-1FFFA94A42D9}.Release|Any CPU.ActiveCfg = Release|Any CPU
		{EE47C7F3-7FB1-4195-A494-1FFFA94A42D9}.Release|Any CPU.Build.0 = Release|Any CPU
		{EE47C7F3-7FB1-4195-A494-1FFFA94A42D9}.Release|x86.ActiveCfg = Release|Any CPU
		{EE47C7F3-7FB1-4195-A494-1FFFA94A42D9}.Release|x86.Build.0 = Release|Any CPU
		{62841446-5CB1-406E-8D78-273D9E1D2536}.Debug|Any CPU.ActiveCfg = Debug|Any CPU
		{62841446-5CB1-406E-8D78-273D9E1D2536}.Debug|Any CPU.Build.0 = Debug|Any CPU
		{62841446-5CB1-406E-8D78-273D9E1D2536}.Debug|x86.ActiveCfg = Debug|Any CPU
		{62841446-5CB1-406E-8D78-273D9E1D2536}.Debug|x86.Build.0 = Debug|Any CPU
		{62841446-5CB1-406E-8D78-273D9E1D2536}.Release|Any CPU.ActiveCfg = Release|Any CPU
		{62841446-5CB1-406E-8D78-273D9E1D2536}.Release|Any CPU.Build.0 = Release|Any CPU
		{62841446-5CB1-406E-8D78-273D9E1D2536}.Release|x86.ActiveCfg = Release|Any CPU
		{62841446-5CB1-406E-8D78-273D9E1D2536}.Release|x86.Build.0 = Release|Any CPU
		{475F11EB-B622-4DCE-BF1A-D7BDFABDDE79}.Debug|Any CPU.ActiveCfg = Debug|Any CPU
		{475F11EB-B622-4DCE-BF1A-D7BDFABDDE79}.Debug|Any CPU.Build.0 = Debug|Any CPU
		{475F11EB-B622-4DCE-BF1A-D7BDFABDDE79}.Debug|x86.ActiveCfg = Debug|Any CPU
		{475F11EB-B622-4DCE-BF1A-D7BDFABDDE79}.Debug|x86.Build.0 = Debug|Any CPU
		{475F11EB-B622-4DCE-BF1A-D7BDFABDDE79}.Release|Any CPU.ActiveCfg = Release|Any CPU
		{475F11EB-B622-4DCE-BF1A-D7BDFABDDE79}.Release|Any CPU.Build.0 = Release|Any CPU
		{475F11EB-B622-4DCE-BF1A-D7BDFABDDE79}.Release|x86.ActiveCfg = Release|Any CPU
		{475F11EB-B622-4DCE-BF1A-D7BDFABDDE79}.Release|x86.Build.0 = Release|Any CPU
		{7A1D8626-00F3-4EA7-A4E1-20D7CB01BD03}.Debug|Any CPU.ActiveCfg = Debug|Any CPU
		{7A1D8626-00F3-4EA7-A4E1-20D7CB01BD03}.Debug|Any CPU.Build.0 = Debug|Any CPU
		{7A1D8626-00F3-4EA7-A4E1-20D7CB01BD03}.Debug|x86.ActiveCfg = Debug|Any CPU
		{7A1D8626-00F3-4EA7-A4E1-20D7CB01BD03}.Debug|x86.Build.0 = Debug|Any CPU
		{7A1D8626-00F3-4EA7-A4E1-20D7CB01BD03}.Release|Any CPU.ActiveCfg = Release|Any CPU
		{7A1D8626-00F3-4EA7-A4E1-20D7CB01BD03}.Release|Any CPU.Build.0 = Release|Any CPU
		{7A1D8626-00F3-4EA7-A4E1-20D7CB01BD03}.Release|Any CPU.Deploy.0 = Release|Any CPU
		{7A1D8626-00F3-4EA7-A4E1-20D7CB01BD03}.Release|x86.ActiveCfg = Release|Any CPU
		{7A1D8626-00F3-4EA7-A4E1-20D7CB01BD03}.Release|x86.Build.0 = Release|Any CPU
		{56C046A8-2B09-4CF7-A247-8D3B8E80FF70}.Debug|Any CPU.ActiveCfg = Debug|Any CPU
		{56C046A8-2B09-4CF7-A247-8D3B8E80FF70}.Debug|Any CPU.Build.0 = Debug|Any CPU
		{56C046A8-2B09-4CF7-A247-8D3B8E80FF70}.Debug|x86.ActiveCfg = Debug|Any CPU
		{56C046A8-2B09-4CF7-A247-8D3B8E80FF70}.Debug|x86.Build.0 = Debug|Any CPU
		{56C046A8-2B09-4CF7-A247-8D3B8E80FF70}.Release|Any CPU.ActiveCfg = Release|Any CPU
		{56C046A8-2B09-4CF7-A247-8D3B8E80FF70}.Release|Any CPU.Build.0 = Release|Any CPU
		{56C046A8-2B09-4CF7-A247-8D3B8E80FF70}.Release|x86.ActiveCfg = Release|Any CPU
		{56C046A8-2B09-4CF7-A247-8D3B8E80FF70}.Release|x86.Build.0 = Release|Any CPU
		{1FD00DEF-EDD9-4D7D-8BFD-3801592D374D}.Debug|Any CPU.ActiveCfg = Debug|Any CPU
		{1FD00DEF-EDD9-4D7D-8BFD-3801592D374D}.Debug|Any CPU.Build.0 = Debug|Any CPU
		{1FD00DEF-EDD9-4D7D-8BFD-3801592D374D}.Debug|x86.ActiveCfg = Debug|Any CPU
		{1FD00DEF-EDD9-4D7D-8BFD-3801592D374D}.Debug|x86.Build.0 = Debug|Any CPU
		{1FD00DEF-EDD9-4D7D-8BFD-3801592D374D}.Release|Any CPU.ActiveCfg = Release|Any CPU
		{1FD00DEF-EDD9-4D7D-8BFD-3801592D374D}.Release|Any CPU.Build.0 = Release|Any CPU
		{1FD00DEF-EDD9-4D7D-8BFD-3801592D374D}.Release|x86.ActiveCfg = Release|Any CPU
		{1FD00DEF-EDD9-4D7D-8BFD-3801592D374D}.Release|x86.Build.0 = Release|Any CPU
		{9DBD5BBA-A350-4124-83A6-A7FAC2E6328B}.Debug|Any CPU.ActiveCfg = Debug|Any CPU
		{9DBD5BBA-A350-4124-83A6-A7FAC2E6328B}.Debug|Any CPU.Build.0 = Debug|Any CPU
		{9DBD5BBA-A350-4124-83A6-A7FAC2E6328B}.Debug|x86.ActiveCfg = Debug|Any CPU
		{9DBD5BBA-A350-4124-83A6-A7FAC2E6328B}.Debug|x86.Build.0 = Debug|Any CPU
		{9DBD5BBA-A350-4124-83A6-A7FAC2E6328B}.Release|Any CPU.ActiveCfg = Release|Any CPU
		{9DBD5BBA-A350-4124-83A6-A7FAC2E6328B}.Release|Any CPU.Build.0 = Release|Any CPU
		{9DBD5BBA-A350-4124-83A6-A7FAC2E6328B}.Release|x86.ActiveCfg = Release|Any CPU
		{9DBD5BBA-A350-4124-83A6-A7FAC2E6328B}.Release|x86.Build.0 = Release|Any CPU
		{A80D6846-5736-445F-8962-EF36CECC6790}.Debug|Any CPU.ActiveCfg = Debug|Any CPU
		{A80D6846-5736-445F-8962-EF36CECC6790}.Debug|Any CPU.Build.0 = Debug|Any CPU
		{A80D6846-5736-445F-8962-EF36CECC6790}.Debug|x86.ActiveCfg = Debug|Any CPU
		{A80D6846-5736-445F-8962-EF36CECC6790}.Debug|x86.Build.0 = Debug|Any CPU
		{A80D6846-5736-445F-8962-EF36CECC6790}.Release|Any CPU.ActiveCfg = Release|Any CPU
		{A80D6846-5736-445F-8962-EF36CECC6790}.Release|Any CPU.Build.0 = Release|Any CPU
		{A80D6846-5736-445F-8962-EF36CECC6790}.Release|x86.ActiveCfg = Release|Any CPU
		{A80D6846-5736-445F-8962-EF36CECC6790}.Release|x86.Build.0 = Release|Any CPU
		{A643FD30-3E9E-4D21-949A-4DB1CB8FF004}.Debug|Any CPU.ActiveCfg = Debug|Any CPU
		{A643FD30-3E9E-4D21-949A-4DB1CB8FF004}.Debug|Any CPU.Build.0 = Debug|Any CPU
		{A643FD30-3E9E-4D21-949A-4DB1CB8FF004}.Debug|x86.ActiveCfg = Debug|Any CPU
		{A643FD30-3E9E-4D21-949A-4DB1CB8FF004}.Debug|x86.Build.0 = Debug|Any CPU
		{A643FD30-3E9E-4D21-949A-4DB1CB8FF004}.Release|Any CPU.ActiveCfg = Release|Any CPU
		{A643FD30-3E9E-4D21-949A-4DB1CB8FF004}.Release|Any CPU.Build.0 = Release|Any CPU
		{A643FD30-3E9E-4D21-949A-4DB1CB8FF004}.Release|x86.ActiveCfg = Release|Any CPU
		{A643FD30-3E9E-4D21-949A-4DB1CB8FF004}.Release|x86.Build.0 = Release|Any CPU
		{6EC227E6-EAEF-4454-9B7F-532F921C6F05}.Debug|Any CPU.ActiveCfg = Debug|Any CPU
		{6EC227E6-EAEF-4454-9B7F-532F921C6F05}.Debug|Any CPU.Build.0 = Debug|Any CPU
		{6EC227E6-EAEF-4454-9B7F-532F921C6F05}.Debug|x86.ActiveCfg = Debug|Any CPU
		{6EC227E6-EAEF-4454-9B7F-532F921C6F05}.Debug|x86.Build.0 = Debug|Any CPU
		{6EC227E6-EAEF-4454-9B7F-532F921C6F05}.Release|Any CPU.ActiveCfg = Release|Any CPU
		{6EC227E6-EAEF-4454-9B7F-532F921C6F05}.Release|Any CPU.Build.0 = Release|Any CPU
		{6EC227E6-EAEF-4454-9B7F-532F921C6F05}.Release|x86.ActiveCfg = Release|Any CPU
		{6EC227E6-EAEF-4454-9B7F-532F921C6F05}.Release|x86.Build.0 = Release|Any CPU
		{F87DB85C-CCC6-4D87-A8CD-6F0F46EC2C95}.Debug|Any CPU.ActiveCfg = Debug|Any CPU
		{F87DB85C-CCC6-4D87-A8CD-6F0F46EC2C95}.Debug|Any CPU.Build.0 = Debug|Any CPU
		{F87DB85C-CCC6-4D87-A8CD-6F0F46EC2C95}.Debug|x86.ActiveCfg = Debug|Any CPU
		{F87DB85C-CCC6-4D87-A8CD-6F0F46EC2C95}.Debug|x86.Build.0 = Debug|Any CPU
		{F87DB85C-CCC6-4D87-A8CD-6F0F46EC2C95}.Release|Any CPU.ActiveCfg = Release|Any CPU
		{F87DB85C-CCC6-4D87-A8CD-6F0F46EC2C95}.Release|Any CPU.Build.0 = Release|Any CPU
		{F87DB85C-CCC6-4D87-A8CD-6F0F46EC2C95}.Release|x86.ActiveCfg = Release|Any CPU
		{F87DB85C-CCC6-4D87-A8CD-6F0F46EC2C95}.Release|x86.Build.0 = Release|Any CPU
		{CFDEFBAF-8A00-47D7-84F8-7B9F312A4848}.Debug|Any CPU.ActiveCfg = Debug|Any CPU
		{CFDEFBAF-8A00-47D7-84F8-7B9F312A4848}.Debug|Any CPU.Build.0 = Debug|Any CPU
		{CFDEFBAF-8A00-47D7-84F8-7B9F312A4848}.Debug|x86.ActiveCfg = Debug|Any CPU
		{CFDEFBAF-8A00-47D7-84F8-7B9F312A4848}.Debug|x86.Build.0 = Debug|Any CPU
		{CFDEFBAF-8A00-47D7-84F8-7B9F312A4848}.Release|Any CPU.ActiveCfg = Release|Any CPU
		{CFDEFBAF-8A00-47D7-84F8-7B9F312A4848}.Release|Any CPU.Build.0 = Release|Any CPU
		{CFDEFBAF-8A00-47D7-84F8-7B9F312A4848}.Release|x86.ActiveCfg = Release|Any CPU
		{CFDEFBAF-8A00-47D7-84F8-7B9F312A4848}.Release|x86.Build.0 = Release|Any CPU
		{03D9C4C3-8BF4-40EA-B49C-7E8F2FE880D9}.Debug|Any CPU.ActiveCfg = Debug|Any CPU
		{03D9C4C3-8BF4-40EA-B49C-7E8F2FE880D9}.Debug|Any CPU.Build.0 = Debug|Any CPU
		{03D9C4C3-8BF4-40EA-B49C-7E8F2FE880D9}.Debug|x86.ActiveCfg = Debug|Any CPU
		{03D9C4C3-8BF4-40EA-B49C-7E8F2FE880D9}.Debug|x86.Build.0 = Debug|Any CPU
		{03D9C4C3-8BF4-40EA-B49C-7E8F2FE880D9}.Release|Any CPU.ActiveCfg = Release|Any CPU
		{03D9C4C3-8BF4-40EA-B49C-7E8F2FE880D9}.Release|Any CPU.Build.0 = Release|Any CPU
		{03D9C4C3-8BF4-40EA-B49C-7E8F2FE880D9}.Release|x86.ActiveCfg = Release|Any CPU
		{03D9C4C3-8BF4-40EA-B49C-7E8F2FE880D9}.Release|x86.Build.0 = Release|Any CPU
		{F111A333-5C9B-4013-877D-7AE0FF8F0D83}.Debug|Any CPU.ActiveCfg = Debug|Any CPU
		{F111A333-5C9B-4013-877D-7AE0FF8F0D83}.Debug|Any CPU.Build.0 = Debug|Any CPU
		{F111A333-5C9B-4013-877D-7AE0FF8F0D83}.Debug|x86.ActiveCfg = Debug|Any CPU
		{F111A333-5C9B-4013-877D-7AE0FF8F0D83}.Debug|x86.Build.0 = Debug|Any CPU
		{F111A333-5C9B-4013-877D-7AE0FF8F0D83}.Release|Any CPU.ActiveCfg = Release|Any CPU
		{F111A333-5C9B-4013-877D-7AE0FF8F0D83}.Release|Any CPU.Build.0 = Release|Any CPU
		{F111A333-5C9B-4013-877D-7AE0FF8F0D83}.Release|x86.ActiveCfg = Release|Any CPU
		{F111A333-5C9B-4013-877D-7AE0FF8F0D83}.Release|x86.Build.0 = Release|Any CPU
		{705306EC-5725-495F-84A0-7C5E7DF9D159}.Debug|Any CPU.ActiveCfg = Debug|Any CPU
		{705306EC-5725-495F-84A0-7C5E7DF9D159}.Debug|Any CPU.Build.0 = Debug|Any CPU
		{705306EC-5725-495F-84A0-7C5E7DF9D159}.Debug|x86.ActiveCfg = Debug|Any CPU
		{705306EC-5725-495F-84A0-7C5E7DF9D159}.Debug|x86.Build.0 = Debug|Any CPU
		{705306EC-5725-495F-84A0-7C5E7DF9D159}.Release|Any CPU.ActiveCfg = Release|Any CPU
		{705306EC-5725-495F-84A0-7C5E7DF9D159}.Release|Any CPU.Build.0 = Release|Any CPU
		{705306EC-5725-495F-84A0-7C5E7DF9D159}.Release|x86.ActiveCfg = Release|Any CPU
		{705306EC-5725-495F-84A0-7C5E7DF9D159}.Release|x86.Build.0 = Release|Any CPU
		{9984A216-7363-47D3-9CF0-BCE4AE9B8793}.Debug|Any CPU.ActiveCfg = Debug|Any CPU
		{9984A216-7363-47D3-9CF0-BCE4AE9B8793}.Debug|Any CPU.Build.0 = Debug|Any CPU
		{9984A216-7363-47D3-9CF0-BCE4AE9B8793}.Debug|x86.ActiveCfg = Debug|Any CPU
		{9984A216-7363-47D3-9CF0-BCE4AE9B8793}.Debug|x86.Build.0 = Debug|Any CPU
		{9984A216-7363-47D3-9CF0-BCE4AE9B8793}.Release|Any CPU.ActiveCfg = Release|Any CPU
		{9984A216-7363-47D3-9CF0-BCE4AE9B8793}.Release|Any CPU.Build.0 = Release|Any CPU
		{9984A216-7363-47D3-9CF0-BCE4AE9B8793}.Release|x86.ActiveCfg = Release|Any CPU
		{9984A216-7363-47D3-9CF0-BCE4AE9B8793}.Release|x86.Build.0 = Release|Any CPU
		{BB46F3B2-83C2-461F-B709-10AF84747861}.Debug|Any CPU.ActiveCfg = Debug|Any CPU
		{BB46F3B2-83C2-461F-B709-10AF84747861}.Debug|Any CPU.Build.0 = Debug|Any CPU
		{BB46F3B2-83C2-461F-B709-10AF84747861}.Debug|x86.ActiveCfg = Debug|Any CPU
		{BB46F3B2-83C2-461F-B709-10AF84747861}.Debug|x86.Build.0 = Debug|Any CPU
		{BB46F3B2-83C2-461F-B709-10AF84747861}.Release|Any CPU.ActiveCfg = Release|Any CPU
		{BB46F3B2-83C2-461F-B709-10AF84747861}.Release|Any CPU.Build.0 = Release|Any CPU
		{BB46F3B2-83C2-461F-B709-10AF84747861}.Release|x86.ActiveCfg = Release|Any CPU
		{BB46F3B2-83C2-461F-B709-10AF84747861}.Release|x86.Build.0 = Release|Any CPU
		{829DB46F-4C13-4542-82EF-B1E1DFF98240}.Debug|Any CPU.ActiveCfg = Debug|Any CPU
		{829DB46F-4C13-4542-82EF-B1E1DFF98240}.Debug|Any CPU.Build.0 = Debug|Any CPU
		{829DB46F-4C13-4542-82EF-B1E1DFF98240}.Debug|x86.ActiveCfg = Debug|Any CPU
		{829DB46F-4C13-4542-82EF-B1E1DFF98240}.Debug|x86.Build.0 = Debug|Any CPU
		{829DB46F-4C13-4542-82EF-B1E1DFF98240}.Release|Any CPU.ActiveCfg = Release|Any CPU
		{829DB46F-4C13-4542-82EF-B1E1DFF98240}.Release|Any CPU.Build.0 = Release|Any CPU
		{829DB46F-4C13-4542-82EF-B1E1DFF98240}.Release|x86.ActiveCfg = Release|Any CPU
		{829DB46F-4C13-4542-82EF-B1E1DFF98240}.Release|x86.Build.0 = Release|Any CPU
		{5F1CAB9E-C5C6-4C81-9644-9EAF5170F9F2}.Debug|Any CPU.ActiveCfg = Debug|Any CPU
		{5F1CAB9E-C5C6-4C81-9644-9EAF5170F9F2}.Debug|Any CPU.Build.0 = Debug|Any CPU
		{5F1CAB9E-C5C6-4C81-9644-9EAF5170F9F2}.Debug|x86.ActiveCfg = Debug|Any CPU
		{5F1CAB9E-C5C6-4C81-9644-9EAF5170F9F2}.Debug|x86.Build.0 = Debug|Any CPU
		{5F1CAB9E-C5C6-4C81-9644-9EAF5170F9F2}.Release|Any CPU.ActiveCfg = Release|Any CPU
		{5F1CAB9E-C5C6-4C81-9644-9EAF5170F9F2}.Release|Any CPU.Build.0 = Release|Any CPU
		{5F1CAB9E-C5C6-4C81-9644-9EAF5170F9F2}.Release|x86.ActiveCfg = Release|Any CPU
		{5F1CAB9E-C5C6-4C81-9644-9EAF5170F9F2}.Release|x86.Build.0 = Release|Any CPU
		{35457950-2A67-448C-9F44-10D9794FE7B8}.Debug|Any CPU.ActiveCfg = Debug|Any CPU
		{35457950-2A67-448C-9F44-10D9794FE7B8}.Debug|Any CPU.Build.0 = Debug|Any CPU
		{35457950-2A67-448C-9F44-10D9794FE7B8}.Debug|x86.ActiveCfg = Debug|Any CPU
		{35457950-2A67-448C-9F44-10D9794FE7B8}.Debug|x86.Build.0 = Debug|Any CPU
		{35457950-2A67-448C-9F44-10D9794FE7B8}.Release|Any CPU.ActiveCfg = Release|Any CPU
		{35457950-2A67-448C-9F44-10D9794FE7B8}.Release|Any CPU.Build.0 = Release|Any CPU
		{35457950-2A67-448C-9F44-10D9794FE7B8}.Release|x86.ActiveCfg = Release|Any CPU
		{35457950-2A67-448C-9F44-10D9794FE7B8}.Release|x86.Build.0 = Release|Any CPU
		{63329D03-9531-49A9-958A-5E8E2F2DBE4A}.Debug|Any CPU.ActiveCfg = Debug|Any CPU
		{63329D03-9531-49A9-958A-5E8E2F2DBE4A}.Debug|Any CPU.Build.0 = Debug|Any CPU
		{63329D03-9531-49A9-958A-5E8E2F2DBE4A}.Debug|x86.ActiveCfg = Debug|Any CPU
		{63329D03-9531-49A9-958A-5E8E2F2DBE4A}.Debug|x86.Build.0 = Debug|Any CPU
		{63329D03-9531-49A9-958A-5E8E2F2DBE4A}.Release|Any CPU.ActiveCfg = Release|Any CPU
		{63329D03-9531-49A9-958A-5E8E2F2DBE4A}.Release|Any CPU.Build.0 = Release|Any CPU
		{63329D03-9531-49A9-958A-5E8E2F2DBE4A}.Release|x86.ActiveCfg = Release|Any CPU
		{63329D03-9531-49A9-958A-5E8E2F2DBE4A}.Release|x86.Build.0 = Release|Any CPU
		{D34DAF83-8008-4524-96E7-B63D607D2DC8}.Debug|Any CPU.ActiveCfg = Debug|Any CPU
		{D34DAF83-8008-4524-96E7-B63D607D2DC8}.Debug|Any CPU.Build.0 = Debug|Any CPU
		{D34DAF83-8008-4524-96E7-B63D607D2DC8}.Debug|x86.ActiveCfg = Debug|Any CPU
		{D34DAF83-8008-4524-96E7-B63D607D2DC8}.Debug|x86.Build.0 = Debug|Any CPU
		{D34DAF83-8008-4524-96E7-B63D607D2DC8}.Release|Any CPU.ActiveCfg = Release|Any CPU
		{D34DAF83-8008-4524-96E7-B63D607D2DC8}.Release|Any CPU.Build.0 = Release|Any CPU
		{D34DAF83-8008-4524-96E7-B63D607D2DC8}.Release|x86.ActiveCfg = Release|Any CPU
		{D34DAF83-8008-4524-96E7-B63D607D2DC8}.Release|x86.Build.0 = Release|Any CPU
		{B31C4BBA-F879-41E5-A224-5C60CFDF96BC}.Debug|Any CPU.ActiveCfg = Debug|Any CPU
		{B31C4BBA-F879-41E5-A224-5C60CFDF96BC}.Debug|Any CPU.Build.0 = Debug|Any CPU
		{B31C4BBA-F879-41E5-A224-5C60CFDF96BC}.Debug|x86.ActiveCfg = Debug|Any CPU
		{B31C4BBA-F879-41E5-A224-5C60CFDF96BC}.Debug|x86.Build.0 = Debug|Any CPU
		{B31C4BBA-F879-41E5-A224-5C60CFDF96BC}.Release|Any CPU.ActiveCfg = Release|Any CPU
		{B31C4BBA-F879-41E5-A224-5C60CFDF96BC}.Release|Any CPU.Build.0 = Release|Any CPU
		{B31C4BBA-F879-41E5-A224-5C60CFDF96BC}.Release|x86.ActiveCfg = Release|Any CPU
		{B31C4BBA-F879-41E5-A224-5C60CFDF96BC}.Release|x86.Build.0 = Release|Any CPU
		{6A45F794-5E0A-4B4C-85FC-8700969255CF}.Debug|Any CPU.ActiveCfg = Debug|Any CPU
		{6A45F794-5E0A-4B4C-85FC-8700969255CF}.Debug|Any CPU.Build.0 = Debug|Any CPU
		{6A45F794-5E0A-4B4C-85FC-8700969255CF}.Debug|x86.ActiveCfg = Debug|Any CPU
		{6A45F794-5E0A-4B4C-85FC-8700969255CF}.Debug|x86.Build.0 = Debug|Any CPU
		{6A45F794-5E0A-4B4C-85FC-8700969255CF}.Release|Any CPU.ActiveCfg = Release|Any CPU
		{6A45F794-5E0A-4B4C-85FC-8700969255CF}.Release|Any CPU.Build.0 = Release|Any CPU
		{6A45F794-5E0A-4B4C-85FC-8700969255CF}.Release|x86.ActiveCfg = Release|Any CPU
		{6A45F794-5E0A-4B4C-85FC-8700969255CF}.Release|x86.Build.0 = Release|Any CPU
		{CA6EE1E7-0280-43E6-8389-C5467FBCEF2F}.Debug|Any CPU.ActiveCfg = Debug|Any CPU
		{CA6EE1E7-0280-43E6-8389-C5467FBCEF2F}.Debug|Any CPU.Build.0 = Debug|Any CPU
		{CA6EE1E7-0280-43E6-8389-C5467FBCEF2F}.Debug|x86.ActiveCfg = Debug|Any CPU
		{CA6EE1E7-0280-43E6-8389-C5467FBCEF2F}.Debug|x86.Build.0 = Debug|Any CPU
		{CA6EE1E7-0280-43E6-8389-C5467FBCEF2F}.Release|Any CPU.ActiveCfg = Release|Any CPU
		{CA6EE1E7-0280-43E6-8389-C5467FBCEF2F}.Release|Any CPU.Build.0 = Release|Any CPU
		{CA6EE1E7-0280-43E6-8389-C5467FBCEF2F}.Release|x86.ActiveCfg = Release|Any CPU
		{CA6EE1E7-0280-43E6-8389-C5467FBCEF2F}.Release|x86.Build.0 = Release|Any CPU
		{17BCE8B6-9AAC-4DC5-B00D-30E7E8F84474}.Debug|Any CPU.ActiveCfg = Debug|Any CPU
		{17BCE8B6-9AAC-4DC5-B00D-30E7E8F84474}.Debug|Any CPU.Build.0 = Debug|Any CPU
		{17BCE8B6-9AAC-4DC5-B00D-30E7E8F84474}.Debug|x86.ActiveCfg = Debug|Any CPU
		{17BCE8B6-9AAC-4DC5-B00D-30E7E8F84474}.Debug|x86.Build.0 = Debug|Any CPU
		{17BCE8B6-9AAC-4DC5-B00D-30E7E8F84474}.Release|Any CPU.ActiveCfg = Release|Any CPU
		{17BCE8B6-9AAC-4DC5-B00D-30E7E8F84474}.Release|Any CPU.Build.0 = Release|Any CPU
		{17BCE8B6-9AAC-4DC5-B00D-30E7E8F84474}.Release|x86.ActiveCfg = Release|Any CPU
		{17BCE8B6-9AAC-4DC5-B00D-30E7E8F84474}.Release|x86.Build.0 = Release|Any CPU
	EndGlobalSection
	GlobalSection(SolutionProperties) = preSolution
		HideSolutionNode = FALSE
	EndGlobalSection
	GlobalSection(NestedProjects) = preSolution
		{EFB2EFB2-5ECA-48C1-A178-FC7CA5C085C6} = {A206B33C-9109-4107-910D-38C3DD0FEF94}
		{CAE8D673-3E0F-4783-A64A-9F5BC07A96E0} = {1DBCBE2E-DA9A-4A6B-9FD7-255A447F4196}
		{F2580E70-8934-4E88-AEC2-CE4E540C3EEB} = {B901EC8C-482D-4A35-820F-0C41E764B311}
		{24F1D220-3A4D-4EC7-8FE2-F18686B221E9} = {1DBCBE2E-DA9A-4A6B-9FD7-255A447F4196}
		{E5F3FA75-5129-4315-9558-E3CCDCA3C17B} = {B901EC8C-482D-4A35-820F-0C41E764B311}
		{873B1482-23E4-441F-8FDC-514D4B067E0E} = {1DBCBE2E-DA9A-4A6B-9FD7-255A447F4196}
		{EE47C7F3-7FB1-4195-A494-1FFFA94A42D9} = {1DBCBE2E-DA9A-4A6B-9FD7-255A447F4196}
		{62841446-5CB1-406E-8D78-273D9E1D2536} = {B901EC8C-482D-4A35-820F-0C41E764B311}
		{475F11EB-B622-4DCE-BF1A-D7BDFABDDE79} = {A206B33C-9109-4107-910D-38C3DD0FEF94}
		{B901EC8C-482D-4A35-820F-0C41E764B311} = {16C84F6F-30AE-425F-ACDF-42D26005C1C9}
		{1DBCBE2E-DA9A-4A6B-9FD7-255A447F4196} = {16C84F6F-30AE-425F-ACDF-42D26005C1C9}
		{7A1D8626-00F3-4EA7-A4E1-20D7CB01BD03} = {1DBCBE2E-DA9A-4A6B-9FD7-255A447F4196}
		{56C046A8-2B09-4CF7-A247-8D3B8E80FF70} = {A206B33C-9109-4107-910D-38C3DD0FEF94}
		{1FD00DEF-EDD9-4D7D-8BFD-3801592D374D} = {6AE6D494-87E1-43BE-BF51-7A50087D23CE}
		{9DBD5BBA-A350-4124-83A6-A7FAC2E6328B} = {6AE6D494-87E1-43BE-BF51-7A50087D23CE}
		{2C29EE75-F55A-46F4-A879-5387F9544BF3} = {16C84F6F-30AE-425F-ACDF-42D26005C1C9}
		{A80D6846-5736-445F-8962-EF36CECC6790} = {2C29EE75-F55A-46F4-A879-5387F9544BF3}
		{A643FD30-3E9E-4D21-949A-4DB1CB8FF004} = {2C29EE75-F55A-46F4-A879-5387F9544BF3}
		{6EC227E6-EAEF-4454-9B7F-532F921C6F05} = {B901EC8C-482D-4A35-820F-0C41E764B311}
		{F87DB85C-CCC6-4D87-A8CD-6F0F46EC2C95} = {B901EC8C-482D-4A35-820F-0C41E764B311}
		{CFDEFBAF-8A00-47D7-84F8-7B9F312A4848} = {B901EC8C-482D-4A35-820F-0C41E764B311}
		{03D9C4C3-8BF4-40EA-B49C-7E8F2FE880D9} = {B901EC8C-482D-4A35-820F-0C41E764B311}
		{F111A333-5C9B-4013-877D-7AE0FF8F0D83} = {B901EC8C-482D-4A35-820F-0C41E764B311}
		{6AE6D494-87E1-43BE-BF51-7A50087D23CE} = {EFB2EFB2-5ECA-48C1-A178-FC7CA5C085C6}
		{705306EC-5725-495F-84A0-7C5E7DF9D159} = {1DBCBE2E-DA9A-4A6B-9FD7-255A447F4196}
		{9984A216-7363-47D3-9CF0-BCE4AE9B8793} = {1DBCBE2E-DA9A-4A6B-9FD7-255A447F4196}
		{BB46F3B2-83C2-461F-B709-10AF84747861} = {1DBCBE2E-DA9A-4A6B-9FD7-255A447F4196}
		{829DB46F-4C13-4542-82EF-B1E1DFF98240} = {1DBCBE2E-DA9A-4A6B-9FD7-255A447F4196}
		{5F1CAB9E-C5C6-4C81-9644-9EAF5170F9F2} = {1DBCBE2E-DA9A-4A6B-9FD7-255A447F4196}
		{35457950-2A67-448C-9F44-10D9794FE7B8} = {1DBCBE2E-DA9A-4A6B-9FD7-255A447F4196}
		{63329D03-9531-49A9-958A-5E8E2F2DBE4A} = {1DBCBE2E-DA9A-4A6B-9FD7-255A447F4196}
		{D34DAF83-8008-4524-96E7-B63D607D2DC8} = {B901EC8C-482D-4A35-820F-0C41E764B311}
		{B31C4BBA-F879-41E5-A224-5C60CFDF96BC} = {1DBCBE2E-DA9A-4A6B-9FD7-255A447F4196}
		{6A45F794-5E0A-4B4C-85FC-8700969255CF} = {EFB2EFB2-5ECA-48C1-A178-FC7CA5C085C6}
		{CA6EE1E7-0280-43E6-8389-C5467FBCEF2F} = {EFB2EFB2-5ECA-48C1-A178-FC7CA5C085C6}
		{17BCE8B6-9AAC-4DC5-B00D-30E7E8F84474} = {B901EC8C-482D-4A35-820F-0C41E764B311}
	EndGlobalSection
	GlobalSection(ExtensibilityGlobals) = postSolution
		SolutionGuid = {BC8676C3-807A-40F7-B2DB-677B67D28A2B}
	EndGlobalSection
EndGlobal
